
Microsoft Visual Studio Solution File, Format Version 12.00
# Visual Studio Version 17
VisualStudioVersion = 17.0.31612.314
MinimumVisualStudioVersion = 10.0.40219.1
Project("{FAE04EC0-301F-11D3-BF4B-00C04F79EFBC}") = "RetanClass", "RetanClass\RetanClass.csproj", "{92A01342-6866-4DE6-9A3C-1CEE06E177F9}"
EndProject
Project("{2150E333-8FDC-42A3-9474-1A3956D46DE8}") = "Solution Items", "Solution Items", "{51F48EF8-C186-4E3A-B22A-91C275F01EF4}"
	ProjectSection(SolutionItems) = preProject
		.editorconfig = .editorconfig
	EndProjectSection
EndProject
Global
	GlobalSection(SolutionConfigurationPlatforms) = preSolution
		Debug|Any CPU = Debug|Any CPU
		Release|Any CPU = Release|Any CPU
	EndGlobalSection
	GlobalSection(ProjectConfigurationPlatforms) = postSolution
		{92A01342-6866-4DE6-9A3C-1CEE06E177F9}.Debug|Any CPU.ActiveCfg = Debug|Any CPU
		{92A01342-6866-4DE6-9A3C-1CEE06E177F9}.Debug|Any CPU.Build.0 = Debug|Any CPU
		{92A01342-6866-4DE6-9A3C-1CEE06E177F9}.Release|Any CPU.ActiveCfg = Release|Any CPU
		{92A01342-6866-4DE6-9A3C-1CEE06E177F9}.Release|Any CPU.Build.0 = Release|Any CPU
	EndGlobalSection
	GlobalSection(SolutionProperties) = preSolution
		HideSolutionNode = FALSE
	EndGlobalSection
	GlobalSection(ExtensibilityGlobals) = postSolution
		SolutionGuid = {017493FF-F788-4FC5-9F4E-56D61F4D8ECA}
	EndGlobalSection
EndGlobal
