
Microsoft Visual Studio Solution File, Format Version 12.00
# Visual Studio Version 17
VisualStudioVersion = 17.0.31521.260
MinimumVisualStudioVersion = 10.0.40219.1
Project("{FAE04EC0-301F-11D3-BF4B-00C04F79EFBC}") = "cpfGenerator", "cpfGenerator\cpfGenerator.csproj", "{229C0447-EF11-4647-8F1F-2B3BD14D15A8}"
EndProject
Global
	GlobalSection(SolutionConfigurationPlatforms) = preSolution
		Debug|Any CPU = Debug|Any CPU
		Release|Any CPU = Release|Any CPU
	EndGlobalSection
	GlobalSection(ProjectConfigurationPlatforms) = postSolution
		{229C0447-EF11-4647-8F1F-2B3BD14D15A8}.Debug|Any CPU.ActiveCfg = Debug|Any CPU
		{229C0447-EF11-4647-8F1F-2B3BD14D15A8}.Debug|Any CPU.Build.0 = Debug|Any CPU
		{229C0447-EF11-4647-8F1F-2B3BD14D15A8}.Release|Any CPU.ActiveCfg = Release|Any CPU
		{229C0447-EF11-4647-8F1F-2B3BD14D15A8}.Release|Any CPU.Build.0 = Release|Any CPU
	EndGlobalSection
	GlobalSection(SolutionProperties) = preSolution
		HideSolutionNode = FALSE
	EndGlobalSection
	GlobalSection(ExtensibilityGlobals) = postSolution
		SolutionGuid = {D98B5A97-C30D-4E20-891A-424FCDE49E7F}
	EndGlobalSection
EndGlobal
