
Microsoft Visual Studio Solution File, Format Version 12.00
# Visual Studio Version 17
VisualStudioVersion = 17.0.31521.260
MinimumVisualStudioVersion = 10.0.40219.1
Project("{FAE04EC0-301F-11D3-BF4B-00C04F79EFBC}") = "animaisPOO", "animaisPOO\animaisPOO.csproj", "{72C05DC6-3732-4627-BFB0-34B00532B3B4}"
EndProject
Global
	GlobalSection(SolutionConfigurationPlatforms) = preSolution
		Debug|Any CPU = Debug|Any CPU
		Release|Any CPU = Release|Any CPU
	EndGlobalSection
	GlobalSection(ProjectConfigurationPlatforms) = postSolution
		{72C05DC6-3732-4627-BFB0-34B00532B3B4}.Debug|Any CPU.ActiveCfg = Debug|Any CPU
		{72C05DC6-3732-4627-BFB0-34B00532B3B4}.Debug|Any CPU.Build.0 = Debug|Any CPU
		{72C05DC6-3732-4627-BFB0-34B00532B3B4}.Release|Any CPU.ActiveCfg = Release|Any CPU
		{72C05DC6-3732-4627-BFB0-34B00532B3B4}.Release|Any CPU.Build.0 = Release|Any CPU
	EndGlobalSection
	GlobalSection(SolutionProperties) = preSolution
		HideSolutionNode = FALSE
	EndGlobalSection
	GlobalSection(ExtensibilityGlobals) = postSolution
		SolutionGuid = {C106D281-95DC-4493-8FDE-198035C94EE9}
	EndGlobalSection
EndGlobal
