
Microsoft Visual Studio Solution File, Format Version 12.00
# Visual Studio Version 17
VisualStudioVersion = 17.0.31521.260
MinimumVisualStudioVersion = 10.0.40219.1
Project("{FAE04EC0-301F-11D3-BF4B-00C04F79EFBC}") = "stringName", "stringName\stringName.csproj", "{AA49464C-CD7F-452A-8888-05037743485B}"
EndProject
Global
	GlobalSection(SolutionConfigurationPlatforms) = preSolution
		Debug|Any CPU = Debug|Any CPU
		Release|Any CPU = Release|Any CPU
	EndGlobalSection
	GlobalSection(ProjectConfigurationPlatforms) = postSolution
		{AA49464C-CD7F-452A-8888-05037743485B}.Debug|Any CPU.ActiveCfg = Debug|Any CPU
		{AA49464C-CD7F-452A-8888-05037743485B}.Debug|Any CPU.Build.0 = Debug|Any CPU
		{AA49464C-CD7F-452A-8888-05037743485B}.Release|Any CPU.ActiveCfg = Release|Any CPU
		{AA49464C-CD7F-452A-8888-05037743485B}.Release|Any CPU.Build.0 = Release|Any CPU
	EndGlobalSection
	GlobalSection(SolutionProperties) = preSolution
		HideSolutionNode = FALSE
	EndGlobalSection
	GlobalSection(ExtensibilityGlobals) = postSolution
		SolutionGuid = {62B91588-4A13-49FE-9817-CB81D021515A}
	EndGlobalSection
EndGlobal
