
Microsoft Visual Studio Solution File, Format Version 12.00
# Visual Studio Version 17
VisualStudioVersion = 17.0.31521.260
MinimumVisualStudioVersion = 10.0.40219.1
Project("{FAE04EC0-301F-11D3-BF4B-00C04F79EFBC}") = "pilhasPOO2", "pilhasPOO2\pilhasPOO2.csproj", "{E0708641-8A22-4D63-B3D9-230734B5B8D4}"
EndProject
Global
	GlobalSection(SolutionConfigurationPlatforms) = preSolution
		Debug|Any CPU = Debug|Any CPU
		Release|Any CPU = Release|Any CPU
	EndGlobalSection
	GlobalSection(ProjectConfigurationPlatforms) = postSolution
		{E0708641-8A22-4D63-B3D9-230734B5B8D4}.Debug|Any CPU.ActiveCfg = Debug|Any CPU
		{E0708641-8A22-4D63-B3D9-230734B5B8D4}.Debug|Any CPU.Build.0 = Debug|Any CPU
		{E0708641-8A22-4D63-B3D9-230734B5B8D4}.Release|Any CPU.ActiveCfg = Release|Any CPU
		{E0708641-8A22-4D63-B3D9-230734B5B8D4}.Release|Any CPU.Build.0 = Release|Any CPU
	EndGlobalSection
	GlobalSection(SolutionProperties) = preSolution
		HideSolutionNode = FALSE
	EndGlobalSection
	GlobalSection(ExtensibilityGlobals) = postSolution
		SolutionGuid = {B78EB277-B911-4105-845A-B94C4170BDFD}
	EndGlobalSection
EndGlobal
